
Microsoft Visual Studio Solution File, Format Version 12.00
# Visual Studio 2012
Project("{FAE04EC0-301F-11D3-BF4B-00C04F79EFBC}") = "Minesweeper", "Minesweeper\Minesweeper.csproj", "{E53113EA-7F9D-403A-9CE1-190DF41C58CC}"
EndProject
Project("{FAE04EC0-301F-11D3-BF4B-00C04F79EFBC}") = "MinesweeperTest", "MinesweeperTest\MinesweeperTest.csproj", "{03FBE800-A028-4C9D-AD45-D547B7877F09}"
EndProject
Project("{FAE04EC0-301F-11D3-BF4B-00C04F79EFBC}") = "MinesweeperLib", "MinesweeperLib\MinesweeperLib.csproj", "{81C0A4E4-937B-445E-81E4-289D8327DEAF}"
EndProject
Global
	GlobalSection(SolutionConfigurationPlatforms) = preSolution
		Debug|Any CPU = Debug|Any CPU
		Debug|Mixed Platforms = Debug|Mixed Platforms
		Debug|x86 = Debug|x86
		Release|Any CPU = Release|Any CPU
		Release|Mixed Platforms = Release|Mixed Platforms
		Release|x86 = Release|x86
	EndGlobalSection
	GlobalSection(ProjectConfigurationPlatforms) = postSolution
		{E53113EA-7F9D-403A-9CE1-190DF41C58CC}.Debug|Any CPU.ActiveCfg = Debug|Any CPU
		{E53113EA-7F9D-403A-9CE1-190DF41C58CC}.Debug|Any CPU.Build.0 = Debug|Any CPU
		{E53113EA-7F9D-403A-9CE1-190DF41C58CC}.Debug|Mixed Platforms.ActiveCfg = Debug|Any CPU
		{E53113EA-7F9D-403A-9CE1-190DF41C58CC}.Debug|Mixed Platforms.Build.0 = Debug|Any CPU
		{E53113EA-7F9D-403A-9CE1-190DF41C58CC}.Debug|x86.ActiveCfg = Debug|Any CPU
		{E53113EA-7F9D-403A-9CE1-190DF41C58CC}.Release|Any CPU.ActiveCfg = Release|Any CPU
		{E53113EA-7F9D-403A-9CE1-190DF41C58CC}.Release|Any CPU.Build.0 = Release|Any CPU
		{E53113EA-7F9D-403A-9CE1-190DF41C58CC}.Release|Mixed Platforms.ActiveCfg = Release|Any CPU
		{E53113EA-7F9D-403A-9CE1-190DF41C58CC}.Release|Mixed Platforms.Build.0 = Release|Any CPU
		{E53113EA-7F9D-403A-9CE1-190DF41C58CC}.Release|x86.ActiveCfg = Release|Any CPU
		{03FBE800-A028-4C9D-AD45-D547B7877F09}.Debug|Any CPU.ActiveCfg = Debug|Any CPU
		{03FBE800-A028-4C9D-AD45-D547B7877F09}.Debug|Any CPU.Build.0 = Debug|Any CPU
		{03FBE800-A028-4C9D-AD45-D547B7877F09}.Debug|Mixed Platforms.ActiveCfg = Debug|Any CPU
		{03FBE800-A028-4C9D-AD45-D547B7877F09}.Debug|Mixed Platforms.Build.0 = Debug|Any CPU
		{03FBE800-A028-4C9D-AD45-D547B7877F09}.Debug|x86.ActiveCfg = Debug|Any CPU
		{03FBE800-A028-4C9D-AD45-D547B7877F09}.Release|Any CPU.ActiveCfg = Release|Any CPU
		{03FBE800-A028-4C9D-AD45-D547B7877F09}.Release|Any CPU.Build.0 = Release|Any CPU
		{03FBE800-A028-4C9D-AD45-D547B7877F09}.Release|Mixed Platforms.ActiveCfg = Release|Any CPU
		{03FBE800-A028-4C9D-AD45-D547B7877F09}.Release|Mixed Platforms.Build.0 = Release|Any CPU
		{03FBE800-A028-4C9D-AD45-D547B7877F09}.Release|x86.ActiveCfg = Release|Any CPU
		{81C0A4E4-937B-445E-81E4-289D8327DEAF}.Debug|Any CPU.ActiveCfg = Debug|Any CPU
		{81C0A4E4-937B-445E-81E4-289D8327DEAF}.Debug|Any CPU.Build.0 = Debug|Any CPU
		{81C0A4E4-937B-445E-81E4-289D8327DEAF}.Debug|Mixed Platforms.ActiveCfg = Debug|Any CPU
		{81C0A4E4-937B-445E-81E4-289D8327DEAF}.Debug|Mixed Platforms.Build.0 = Debug|Any CPU
		{81C0A4E4-937B-445E-81E4-289D8327DEAF}.Debug|x86.ActiveCfg = Debug|Any CPU
		{81C0A4E4-937B-445E-81E4-289D8327DEAF}.Release|Any CPU.ActiveCfg = Release|Any CPU
		{81C0A4E4-937B-445E-81E4-289D8327DEAF}.Release|Any CPU.Build.0 = Release|Any CPU
		{81C0A4E4-937B-445E-81E4-289D8327DEAF}.Release|Mixed Platforms.ActiveCfg = Release|Any CPU
		{81C0A4E4-937B-445E-81E4-289D8327DEAF}.Release|Mixed Platforms.Build.0 = Release|Any CPU
		{81C0A4E4-937B-445E-81E4-289D8327DEAF}.Release|x86.ActiveCfg = Release|Any CPU
	EndGlobalSection
	GlobalSection(SolutionProperties) = preSolution
		HideSolutionNode = FALSE
	EndGlobalSection
EndGlobal
